{
  "name": "ts-budget-planner",
  "version": "1.0.0",
  "lockfileVersion": 3,
  "requires": true,
  "packages": {
    "": {
      "name": "ts-budget-planner",
      "version": "1.0.0",
      "workspaces": [
        "packages/shared",
        "packages/server",
        "packages/cli"
      ],
      "devDependencies": {
        "@types/node": "~20.12.0",
        "typescript": "~5.4.0"
      }
    },
    "node_modules/@budget-planner/cli": {
      "resolved": "packages/cli",
      "link": true
    },
    "node_modules/@budget-planner/server": {
      "resolved": "packages/server",
      "link": true
    },
    "node_modules/@budget-planner/shared": {
      "resolved": "packages/shared",
      "link": true
    },
    "node_modules/@types/node": {
      "version": "20.12.14",
      "resolved": "https://registry.npmmirror.com/@types/node/-/node-20.12.14.tgz",
      "integrity": "sha512-scnD59RpYD91xngrQQLGkE+6UrHUPzeKZWhhjBSa3HSkwjbQc38+q3RoIVEwxQGRw3M+j5hpNAM+lgV3cVormg==",
      "dev": true,
      "license": "MIT",
      "dependencies": {
        "undici-types": "~5.26.4"
      }
    },
    "node_modules/typescript": {
      "version": "5.4.5",
      "resolved": "https://registry.npmmirror.com/typescript/-/typescript-5.4.5.tgz",
      "integrity": "sha512-vcI4UpRgg81oIRUFwR0WSIHKt11nJ7SAVlYNIu+QpqeyXP+gpQJy/Z4+F0aGxSE4MqwjyXvW/TzgkLAx2AGHwQ==",
      "dev": true,
      "license": "Apache-2.0",
      "bin": {
        "tsc": "bin/tsc",
        "tsserver": "bin/tsserver"
      },
      "engines": {
        "node": ">=14.17"
      }
    },
    "node_modules/undici-types": {
      "version": "5.26.5",
      "resolved": "https://registry.npmmirror.com/undici-types/-/undici-types-5.26.5.tgz",
      "integrity": "sha512-JlCMO+ehdEIKqlFxk6IfVoAUVmgz7cU7zD/h9XZ0qzeosSHmUJVOzSQvvYSYWXkFXC+IfLKSIffhv0sVZup6pA==",
      "dev": true,
      "license": "MIT"
    },
    "packages/cli": {
      "name": "@budget-planner/cli",
      "version": "1.0.0",
      "dependencies": {
        "@budget-planner/shared": "^1.0.0"
      },
      "bin": {
        "budget-cli": "dist/index.js"
      }
    },
    "packages/server": {
      "name": "@budget-planner/server",
      "version": "1.0.0",
      "dependencies": {
        "@budget-planner/shared": "^1.0.0"
      }
    },
    "packages/shared": {
      "name": "@budget-planner/shared",
      "version": "1.0.0"
    }
  }
}
